
Microsoft Visual Studio Solution File, Format Version 12.00
# Visual Studio 15
VisualStudioVersion = 15.0.28307.102
MinimumVisualStudioVersion = 10.0.40219.1
Project("{FAE04EC0-301F-11D3-BF4B-00C04F79EFBC}") = "推箱子", "推箱子\推箱子.csproj", "{500BE715-DD23-4B32-918C-54B1ED723CF1}"
EndProject
Global
	GlobalSection(SolutionConfigurationPlatforms) = preSolution
		Debug|Any CPU = Debug|Any CPU
		Release|Any CPU = Release|Any CPU
	EndGlobalSection
	GlobalSection(ProjectConfigurationPlatforms) = postSolution
		{500BE715-DD23-4B32-918C-54B1ED723CF1}.Debug|Any CPU.ActiveCfg = Debug|Any CPU
		{500BE715-DD23-4B32-918C-54B1ED723CF1}.Debug|Any CPU.Build.0 = Debug|Any CPU
		{500BE715-DD23-4B32-918C-54B1ED723CF1}.Release|Any CPU.ActiveCfg = Release|Any CPU
		{500BE715-DD23-4B32-918C-54B1ED723CF1}.Release|Any CPU.Build.0 = Release|Any CPU
	EndGlobalSection
	GlobalSection(SolutionProperties) = preSolution
		HideSolutionNode = FALSE
	EndGlobalSection
	GlobalSection(ExtensibilityGlobals) = postSolution
		SolutionGuid = {C71BD145-00A6-4BFA-A362-08F886395488}
	EndGlobalSection
EndGlobal
