
Microsoft Visual Studio Solution File, Format Version 12.00
# Visual Studio 15
VisualStudioVersion = 15.0.28307.102
MinimumVisualStudioVersion = 10.0.40219.1
Project("{FAE04EC0-301F-11D3-BF4B-00C04F79EFBC}") = "PictureMove", "PictureMove\PictureMove.csproj", "{C7114F0F-D28C-42F6-AC2B-68E52CA5D8EB}"
EndProject
Project("{FAE04EC0-301F-11D3-BF4B-00C04F79EFBC}") = "WindowsFormsApp1", "WindowsFormsApp1\WindowsFormsApp1.csproj", "{D5038B95-80F1-46D2-BD3F-C4CB73F31A94}"
EndProject
Global
	GlobalSection(SolutionConfigurationPlatforms) = preSolution
		Debug|Any CPU = Debug|Any CPU
		Release|Any CPU = Release|Any CPU
	EndGlobalSection
	GlobalSection(ProjectConfigurationPlatforms) = postSolution
		{C7114F0F-D28C-42F6-AC2B-68E52CA5D8EB}.Debug|Any CPU.ActiveCfg = Debug|Any CPU
		{C7114F0F-D28C-42F6-AC2B-68E52CA5D8EB}.Debug|Any CPU.Build.0 = Debug|Any CPU
		{C7114F0F-D28C-42F6-AC2B-68E52CA5D8EB}.Release|Any CPU.ActiveCfg = Release|Any CPU
		{C7114F0F-D28C-42F6-AC2B-68E52CA5D8EB}.Release|Any CPU.Build.0 = Release|Any CPU
		{D5038B95-80F1-46D2-BD3F-C4CB73F31A94}.Debug|Any CPU.ActiveCfg = Debug|Any CPU
		{D5038B95-80F1-46D2-BD3F-C4CB73F31A94}.Debug|Any CPU.Build.0 = Debug|Any CPU
		{D5038B95-80F1-46D2-BD3F-C4CB73F31A94}.Release|Any CPU.ActiveCfg = Release|Any CPU
		{D5038B95-80F1-46D2-BD3F-C4CB73F31A94}.Release|Any CPU.Build.0 = Release|Any CPU
	EndGlobalSection
	GlobalSection(SolutionProperties) = preSolution
		HideSolutionNode = FALSE
	EndGlobalSection
	GlobalSection(ExtensibilityGlobals) = postSolution
		SolutionGuid = {66C572D9-7D2E-43B3-87EF-536E805226B1}
	EndGlobalSection
EndGlobal
